
Microsoft Visual Studio Solution File, Format Version 12.00
# Visual Studio Version 16
VisualStudioVersion = 16.0.30002.166
MinimumVisualStudioVersion = 10.0.40219.1
Project("{FAE04EC0-301F-11D3-BF4B-00C04F79EFBC}") = "BadGuys", "BadGuys.csproj", "{B611BC77-4D35-49F5-8782-34CF91822897}"
EndProject
Global
	GlobalSection(SolutionConfigurationPlatforms) = preSolution
		Debug|Any CPU = Debug|Any CPU
		Release|Any CPU = Release|Any CPU
	EndGlobalSection
	GlobalSection(ProjectConfigurationPlatforms) = postSolution
		{B611BC77-4D35-49F5-8782-34CF91822897}.Debug|Any CPU.ActiveCfg = Debug|Any CPU
		{B611BC77-4D35-49F5-8782-34CF91822897}.Debug|Any CPU.Build.0 = Debug|Any CPU
		{B611BC77-4D35-49F5-8782-34CF91822897}.Release|Any CPU.ActiveCfg = Release|Any CPU
		{B611BC77-4D35-49F5-8782-34CF91822897}.Release|Any CPU.Build.0 = Release|Any CPU
	EndGlobalSection
	GlobalSection(SolutionProperties) = preSolution
		HideSolutionNode = FALSE
	EndGlobalSection
	GlobalSection(ExtensibilityGlobals) = postSolution
		SolutionGuid = {3D930520-BCA1-4635-A093-5C5B0894229D}
	EndGlobalSection
EndGlobal
